// !$*UTF8*$!
{
	archiveVersion = 1;
	classes = {
	};
	objectVersion = 46;
	objects = {

/* Begin PBXBuildFile section */
		3F0578C31D23B2EE00A7E78F /* composeViewController.swift in Sources */ = {isa = PBXBuildFile; fileRef = 3F0578C21D23B2EE00A7E78F /* composeViewController.swift */; };
		3F0578C51D24855700A7E78F /* ReplyCell.swift in Sources */ = {isa = PBXBuildFile; fileRef = 3F0578C41D24855700A7E78F /* ReplyCell.swift */; };
		3F0ED7421D22467100E29905 /* InfiniteScrollActivityView.swift in Sources */ = {isa = PBXBuildFile; fileRef = 3F0ED7411D22467100E29905 /* InfiniteScrollActivityView.swift */; };
		3F0ED7451D22586500E29905 /* ProfileCell.swift in Sources */ = {isa = PBXBuildFile; fileRef = 3F0ED7441D22586500E29905 /* ProfileCell.swift */; };
		3F0ED7471D233B4900E29905 /* NSDate Extenstions.swift in Sources */ = {isa = PBXBuildFile; fileRef = 3F0ED7461D233B4900E29905 /* NSDate Extenstions.swift */; };
		3F0ED7491D2343D600E29905 /* DetailedViewController.swift in Sources */ = {isa = PBXBuildFile; fileRef = 3F0ED7481D2343D600E29905 /* DetailedViewController.swift */; };
		3F44A4FC1D221CA4007B9A22 /* NewsCell.swift in Sources */ = {isa = PBXBuildFile; fileRef = 3F44A4FB1D221CA4007B9A22 /* NewsCell.swift */; };
		3F44A4FE1D221F31007B9A22 /* ProfileViewController.swift in Sources */ = {isa = PBXBuildFile; fileRef = 3F44A4FD1D221F31007B9A22 /* ProfileViewController.swift */; };
		3F44A5001D222522007B9A22 /* MentionsViewController.swift in Sources */ = {isa = PBXBuildFile; fileRef = 3F44A4FF1D222522007B9A22 /* MentionsViewController.swift */; };
		3F531D674803F12BEDE740AE /* Pods_TwitMeUITests.framework in Frameworks */ = {isa = PBXBuildFile; fileRef = 924B2CB5F8B0526E03E68D2F /* Pods_TwitMeUITests.framework */; };
		3F5377491D21C0C300A9F95A /* AppDelegate.swift in Sources */ = {isa = PBXBuildFile; fileRef = 3F5377481D21C0C300A9F95A /* AppDelegate.swift */; };
		3F53774E1D21C0C300A9F95A /* Main.storyboard in Resources */ = {isa = PBXBuildFile; fileRef = 3F53774C1D21C0C300A9F95A /* Main.storyboard */; };
		3F5377501D21C0C300A9F95A /* Assets.xcassets in Resources */ = {isa = PBXBuildFile; fileRef = 3F53774F1D21C0C300A9F95A /* Assets.xcassets */; };
		3F5377531D21C0C300A9F95A /* LaunchScreen.storyboard in Resources */ = {isa = PBXBuildFile; fileRef = 3F5377511D21C0C300A9F95A /* LaunchScreen.storyboard */; };
		3F53775E1D21C0C300A9F95A /* TwitMeTests.swift in Sources */ = {isa = PBXBuildFile; fileRef = 3F53775D1D21C0C300A9F95A /* TwitMeTests.swift */; };
		3F5377691D21C0C300A9F95A /* TwitMeUITests.swift in Sources */ = {isa = PBXBuildFile; fileRef = 3F5377681D21C0C300A9F95A /* TwitMeUITests.swift */; };
		3FAD28041D25A15A00AFA6BF /* MentionsCell.swift in Sources */ = {isa = PBXBuildFile; fileRef = 3FAD28031D25A15A00AFA6BF /* MentionsCell.swift */; };
		3FD69C8F1D21C24300E198C6 /* LoginViewController.swift in Sources */ = {isa = PBXBuildFile; fileRef = 3FD69C8E1D21C24300E198C6 /* LoginViewController.swift */; };
		3FD69C941D21D37D00E198C6 /* User.swift in Sources */ = {isa = PBXBuildFile; fileRef = 3FD69C931D21D37D00E198C6 /* User.swift */; };
		3FD69C961D21D38700E198C6 /* Tweet.swift in Sources */ = {isa = PBXBuildFile; fileRef = 3FD69C951D21D38700E198C6 /* Tweet.swift */; };
		3FD69C981D21DC0700E198C6 /* TwitterClient.swift in Sources */ = {isa = PBXBuildFile; fileRef = 3FD69C971D21DC0700E198C6 /* TwitterClient.swift */; };
		3FD69C9A1D21E4C400E198C6 /* TweetsViewController.swift in Sources */ = {isa = PBXBuildFile; fileRef = 3FD69C991D21E4C400E198C6 /* TweetsViewController.swift */; };
		4ABBAD8EF05D29291DEE5E6C /* Pods_TwitMeTests.framework in Frameworks */ = {isa = PBXBuildFile; fileRef = 929FD17D1F755FD3B0A5EE87 /* Pods_TwitMeTests.framework */; };
		72A61AFDA0442C50E7BCF2B7 /* Pods_TwitMe.framework in Frameworks */ = {isa = PBXBuildFile; fileRef = 694278AFA82DCB510EC7C3B8 /* Pods_TwitMe.framework */; };
/* End PBXBuildFile section */

/* Begin PBXContainerItemProxy section */
		3F53775A1D21C0C300A9F95A /* PBXContainerItemProxy */ = {
			isa = PBXContainerItemProxy;
			containerPortal = 3F53773D1D21C0C300A9F95A /* Project object */;
			proxyType = 1;
			remoteGlobalIDString = 3F5377441D21C0C300A9F95A;
			remoteInfo = TwitMe;
		};
		3F5377651D21C0C300A9F95A /* PBXContainerItemProxy */ = {
			isa = PBXContainerItemProxy;
			containerPortal = 3F53773D1D21C0C300A9F95A /* Project object */;
			proxyType = 1;
			remoteGlobalIDString = 3F5377441D21C0C300A9F95A;
			remoteInfo = TwitMe;
		};
/* End PBXContainerItemProxy section */

/* Begin PBXFileReference section */
		3F0578C21D23B2EE00A7E78F /* composeViewController.swift */ = {isa = PBXFileReference; fileEncoding = 4; lastKnownFileType = sourcecode.swift; path = composeViewController.swift; sourceTree = "<group>"; };
		3F0578C41D24855700A7E78F /* ReplyCell.swift */ = {isa = PBXFileReference; fileEncoding = 4; lastKnownFileType = sourcecode.swift; path = ReplyCell.swift; sourceTree = "<group>"; };
		3F0ED7411D22467100E29905 /* InfiniteScrollActivityView.swift */ = {isa = PBXFileReference; fileEncoding = 4; lastKnownFileType = sourcecode.swift; path = InfiniteScrollActivityView.swift; sourceTree = "<group>"; };
		3F0ED7441D22586500E29905 /* ProfileCell.swift */ = {isa = PBXFileReference; fileEncoding = 4; lastKnownFileType = sourcecode.swift; path = ProfileCell.swift; sourceTree = "<group>"; };
		3F0ED7461D233B4900E29905 /* NSDate Extenstions.swift */ = {isa = PBXFileReference; fileEncoding = 4; lastKnownFileType = sourcecode.swift; path = "NSDate Extenstions.swift"; sourceTree = "<group>"; };
		3F0ED7481D2343D600E29905 /* DetailedViewController.swift */ = {isa = PBXFileReference; fileEncoding = 4; lastKnownFileType = sourcecode.swift; path = DetailedViewController.swift; sourceTree = "<group>"; };
		3F44A4FB1D221CA4007B9A22 /* NewsCell.swift */ = {isa = PBXFileReference; fileEncoding = 4; lastKnownFileType = sourcecode.swift; path = NewsCell.swift; sourceTree = "<group>"; };
		3F44A4FD1D221F31007B9A22 /* ProfileViewController.swift */ = {isa = PBXFileReference; fileEncoding = 4; lastKnownFileType = sourcecode.swift; path = ProfileViewController.swift; sourceTree = "<group>"; };
		3F44A4FF1D222522007B9A22 /* MentionsViewController.swift */ = {isa = PBXFileReference; fileEncoding = 4; lastKnownFileType = sourcecode.swift; path = MentionsViewController.swift; sourceTree = "<group>"; };
		3F5377451D21C0C300A9F95A /* TwitMe.app */ = {isa = PBXFileReference; explicitFileType = wrapper.application; includeInIndex = 0; path = TwitMe.app; sourceTree = BUILT_PRODUCTS_DIR; };
		3F5377481D21C0C300A9F95A /* AppDelegate.swift */ = {isa = PBXFileReference; lastKnownFileType = sourcecode.swift; path = AppDelegate.swift; sourceTree = "<group>"; };
		3F53774D1D21C0C300A9F95A /* Base */ = {isa = PBXFileReference; lastKnownFileType = file.storyboard; name = Base; path = Base.lproj/Main.storyboard; sourceTree = "<group>"; };
		3F53774F1D21C0C300A9F95A /* Assets.xcassets */ = {isa = PBXFileReference; lastKnownFileType = folder.assetcatalog; path = Assets.xcassets; sourceTree = "<group>"; };
		3F5377521D21C0C300A9F95A /* Base */ = {isa = PBXFileReference; lastKnownFileType = file.storyboard; name = Base; path = Base.lproj/LaunchScreen.storyboard; sourceTree = "<group>"; };
		3F5377541D21C0C300A9F95A /* Info.plist */ = {isa = PBXFileReference; lastKnownFileType = text.plist.xml; path = Info.plist; sourceTree = "<group>"; };
		3F5377591D21C0C300A9F95A /* TwitMeTests.xctest */ = {isa = PBXFileReference; explicitFileType = wrapper.cfbundle; includeInIndex = 0; path = TwitMeTests.xctest; sourceTree = BUILT_PRODUCTS_DIR; };
		3F53775D1D21C0C300A9F95A /* TwitMeTests.swift */ = {isa = PBXFileReference; lastKnownFileType = sourcecode.swift; path = TwitMeTests.swift; sourceTree = "<group>"; };
		3F53775F1D21C0C300A9F95A /* Info.plist */ = {isa = PBXFileReference; lastKnownFileType = text.plist.xml; path = Info.plist; sourceTree = "<group>"; };
		3F5377641D21C0C300A9F95A /* TwitMeUITests.xctest */ = {isa = PBXFileReference; explicitFileType = wrapper.cfbundle; includeInIndex = 0; path = TwitMeUITests.xctest; sourceTree = BUILT_PRODUCTS_DIR; };
		3F5377681D21C0C300A9F95A /* TwitMeUITests.swift */ = {isa = PBXFileReference; lastKnownFileType = sourcecode.swift; path = TwitMeUITests.swift; sourceTree = "<group>"; };
		3F53776A1D21C0C300A9F95A /* Info.plist */ = {isa = PBXFileReference; lastKnownFileType = text.plist.xml; path = Info.plist; sourceTree = "<group>"; };
		3FAD28031D25A15A00AFA6BF /* MentionsCell.swift */ = {isa = PBXFileReference; fileEncoding = 4; lastKnownFileType = sourcecode.swift; path = MentionsCell.swift; sourceTree = "<group>"; };
		3FD69C8E1D21C24300E198C6 /* LoginViewController.swift */ = {isa = PBXFileReference; fileEncoding = 4; lastKnownFileType = sourcecode.swift; name = LoginViewController.swift; path = TwitMe/LoginViewController.swift; sourceTree = "<group>"; };
		3FD69C931D21D37D00E198C6 /* User.swift */ = {isa = PBXFileReference; fileEncoding = 4; lastKnownFileType = sourcecode.swift; path = User.swift; sourceTree = "<group>"; };
		3FD69C951D21D38700E198C6 /* Tweet.swift */ = {isa = PBXFileReference; fileEncoding = 4; lastKnownFileType = sourcecode.swift; path = Tweet.swift; sourceTree = "<group>"; };
		3FD69C971D21DC0700E198C6 /* TwitterClient.swift */ = {isa = PBXFileReference; fileEncoding = 4; lastKnownFileType = sourcecode.swift; path = TwitterClient.swift; sourceTree = "<group>"; };
		3FD69C991D21E4C400E198C6 /* TweetsViewController.swift */ = {isa = PBXFileReference; fileEncoding = 4; lastKnownFileType = sourcecode.swift; path = TweetsViewController.swift; sourceTree = "<group>"; };
		694278AFA82DCB510EC7C3B8 /* Pods_TwitMe.framework */ = {isa = PBXFileReference; explicitFileType = wrapper.framework; includeInIndex = 0; path = Pods_TwitMe.framework; sourceTree = BUILT_PRODUCTS_DIR; };
		6F0346A1B2253C391B3C2000 /* Pods-TwitMe.debug.xcconfig */ = {isa = PBXFileReference; includeInIndex = 1; lastKnownFileType = text.xcconfig; name = "Pods-TwitMe.debug.xcconfig"; path = "Pods/Target Support Files/Pods-TwitMe/Pods-TwitMe.debug.xcconfig"; sourceTree = "<group>"; };
		7025FFD75B3CB7A26EAB8F89 /* Pods-TwitMeTests.debug.xcconfig */ = {isa = PBXFileReference; includeInIndex = 1; lastKnownFileType = text.xcconfig; name = "Pods-TwitMeTests.debug.xcconfig"; path = "Pods/Target Support Files/Pods-TwitMeTests/Pods-TwitMeTests.debug.xcconfig"; sourceTree = "<group>"; };
		924B2CB5F8B0526E03E68D2F /* Pods_TwitMeUITests.framework */ = {isa = PBXFileReference; explicitFileType = wrapper.framework; includeInIndex = 0; path = Pods_TwitMeUITests.framework; sourceTree = BUILT_PRODUCTS_DIR; };
		929FD17D1F755FD3B0A5EE87 /* Pods_TwitMeTests.framework */ = {isa = PBXFileReference; explicitFileType = wrapper.framework; includeInIndex = 0; path = Pods_TwitMeTests.framework; sourceTree = BUILT_PRODUCTS_DIR; };
		C5C3584309CD3B735F33D637 /* Pods-TwitMe.release.xcconfig */ = {isa = PBXFileReference; includeInIndex = 1; lastKnownFileType = text.xcconfig; name = "Pods-TwitMe.release.xcconfig"; path = "Pods/Target Support Files/Pods-TwitMe/Pods-TwitMe.release.xcconfig"; sourceTree = "<group>"; };
		D359414B4DA405A85BAD4ADA /* Pods-TwitMeUITests.debug.xcconfig */ = {isa = PBXFileReference; includeInIndex = 1; lastKnownFileType = text.xcconfig; name = "Pods-TwitMeUITests.debug.xcconfig"; path = "Pods/Target Support Files/Pods-TwitMeUITests/Pods-TwitMeUITests.debug.xcconfig"; sourceTree = "<group>"; };
		E253E5B0D5AF2B7DE3D03047 /* Pods-TwitMeUITests.release.xcconfig */ = {isa = PBXFileReference; includeInIndex = 1; lastKnownFileType = text.xcconfig; name = "Pods-TwitMeUITests.release.xcconfig"; path = "Pods/Target Support Files/Pods-TwitMeUITests/Pods-TwitMeUITests.release.xcconfig"; sourceTree = "<group>"; };
		F309C8446D056BB33C15EFA6 /* Pods-TwitMeTests.release.xcconfig */ = {isa = PBXFileReference; includeInIndex = 1; lastKnownFileType = text.xcconfig; name = "Pods-TwitMeTests.release.xcconfig"; path = "Pods/Target Support Files/Pods-TwitMeTests/Pods-TwitMeTests.release.xcconfig"; sourceTree = "<group>"; };
/* End PBXFileReference section */

/* Begin PBXFrameworksBuildPhase section */
		3F5377421D21C0C300A9F95A /* Frameworks */ = {
			isa = PBXFrameworksBuildPhase;
			buildActionMask = 2147483647;
			files = (
				72A61AFDA0442C50E7BCF2B7 /* Pods_TwitMe.framework in Frameworks */,
			);
			runOnlyForDeploymentPostprocessing = 0;
		};
		3F5377561D21C0C300A9F95A /* Frameworks */ = {
			isa = PBXFrameworksBuildPhase;
			buildActionMask = 2147483647;
			files = (
				4ABBAD8EF05D29291DEE5E6C /* Pods_TwitMeTests.framework in Frameworks */,
			);
			runOnlyForDeploymentPostprocessing = 0;
		};
		3F5377611D21C0C300A9F95A /* Frameworks */ = {
			isa = PBXFrameworksBuildPhase;
			buildActionMask = 2147483647;
			files = (
				3F531D674803F12BEDE740AE /* Pods_TwitMeUITests.framework in Frameworks */,
			);
			runOnlyForDeploymentPostprocessing = 0;
		};
/* End PBXFrameworksBuildPhase section */

/* Begin PBXGroup section */
		1ED9AA56B4D1E7C13A602D3C /* Pods */ = {
			isa = PBXGroup;
			children = (
				6F0346A1B2253C391B3C2000 /* Pods-TwitMe.debug.xcconfig */,
				C5C3584309CD3B735F33D637 /* Pods-TwitMe.release.xcconfig */,
				7025FFD75B3CB7A26EAB8F89 /* Pods-TwitMeTests.debug.xcconfig */,
				F309C8446D056BB33C15EFA6 /* Pods-TwitMeTests.release.xcconfig */,
				D359414B4DA405A85BAD4ADA /* Pods-TwitMeUITests.debug.xcconfig */,
				E253E5B0D5AF2B7DE3D03047 /* Pods-TwitMeUITests.release.xcconfig */,
			);
			name = Pods;
			sourceTree = "<group>";
		};
		223A676F9E0E641F74BAC3F2 /* Frameworks */ = {
			isa = PBXGroup;
			children = (
				694278AFA82DCB510EC7C3B8 /* Pods_TwitMe.framework */,
				929FD17D1F755FD3B0A5EE87 /* Pods_TwitMeTests.framework */,
				924B2CB5F8B0526E03E68D2F /* Pods_TwitMeUITests.framework */,
			);
			name = Frameworks;
			sourceTree = "<group>";
		};
		3F0ED7431D22584700E29905 /* Cell */ = {
			isa = PBXGroup;
			children = (
				3F44A4FB1D221CA4007B9A22 /* NewsCell.swift */,
				3F0ED7441D22586500E29905 /* ProfileCell.swift */,
				3F0578C41D24855700A7E78F /* ReplyCell.swift */,
				3FAD28031D25A15A00AFA6BF /* MentionsCell.swift */,
			);
			name = Cell;
			sourceTree = "<group>";
		};
		3F53773C1D21C0C300A9F95A = {
			isa = PBXGroup;
			children = (
				3F5377471D21C0C300A9F95A /* TwitMe */,
				3F53775C1D21C0C300A9F95A /* TwitMeTests */,
				3F5377671D21C0C300A9F95A /* TwitMeUITests */,
				3F5377461D21C0C300A9F95A /* Products */,
				1ED9AA56B4D1E7C13A602D3C /* Pods */,
				223A676F9E0E641F74BAC3F2 /* Frameworks */,
			);
			sourceTree = "<group>";
		};
		3F5377461D21C0C300A9F95A /* Products */ = {
			isa = PBXGroup;
			children = (
				3F5377451D21C0C300A9F95A /* TwitMe.app */,
				3F5377591D21C0C300A9F95A /* TwitMeTests.xctest */,
				3F5377641D21C0C300A9F95A /* TwitMeUITests.xctest */,
			);
			name = Products;
			sourceTree = "<group>";
		};
		3F5377471D21C0C300A9F95A /* TwitMe */ = {
			isa = PBXGroup;
			children = (
				3F0ED7431D22584700E29905 /* Cell */,
				3FD69C921D21D34F00E198C6 /* Model */,
				3FD69C911D21D34300E198C6 /* API */,
				3FD69C901D21D31C00E198C6 /* VC */,
				3F5377481D21C0C300A9F95A /* AppDelegate.swift */,
				3F53774C1D21C0C300A9F95A /* Main.storyboard */,
				3F53774F1D21C0C300A9F95A /* Assets.xcassets */,
				3F5377511D21C0C300A9F95A /* LaunchScreen.storyboard */,
				3F5377541D21C0C300A9F95A /* Info.plist */,
				3F0ED7411D22467100E29905 /* InfiniteScrollActivityView.swift */,
				3F0ED7461D233B4900E29905 /* NSDate Extenstions.swift */,
			);
			path = TwitMe;
			sourceTree = "<group>";
		};
		3F53775C1D21C0C300A9F95A /* TwitMeTests */ = {
			isa = PBXGroup;
			children = (
				3F53775D1D21C0C300A9F95A /* TwitMeTests.swift */,
				3F53775F1D21C0C300A9F95A /* Info.plist */,
			);
			path = TwitMeTests;
			sourceTree = "<group>";
		};
		3F5377671D21C0C300A9F95A /* TwitMeUITests */ = {
			isa = PBXGroup;
			children = (
				3F5377681D21C0C300A9F95A /* TwitMeUITests.swift */,
				3F53776A1D21C0C300A9F95A /* Info.plist */,
			);
			path = TwitMeUITests;
			sourceTree = "<group>";
		};
		3FD69C901D21D31C00E198C6 /* VC */ = {
			isa = PBXGroup;
			children = (
				3FD69C8E1D21C24300E198C6 /* LoginViewController.swift */,
				3FD69C991D21E4C400E198C6 /* TweetsViewController.swift */,
				3F44A4FD1D221F31007B9A22 /* ProfileViewController.swift */,
				3F44A4FF1D222522007B9A22 /* MentionsViewController.swift */,
				3F0ED7481D2343D600E29905 /* DetailedViewController.swift */,
				3F0578C21D23B2EE00A7E78F /* composeViewController.swift */,
			);
			name = VC;
			path = ..;
			sourceTree = "<group>";
		};
		3FD69C911D21D34300E198C6 /* API */ = {
			isa = PBXGroup;
			children = (
				3FD69C971D21DC0700E198C6 /* TwitterClient.swift */,
			);
			name = API;
			sourceTree = "<group>";
		};
		3FD69C921D21D34F00E198C6 /* Model */ = {
			isa = PBXGroup;
			children = (
				3FD69C931D21D37D00E198C6 /* User.swift */,
				3FD69C951D21D38700E198C6 /* Tweet.swift */,
			);
			name = Model;
			sourceTree = "<group>";
		};
/* End PBXGroup section */

/* Begin PBXNativeTarget section */
		3F5377441D21C0C300A9F95A /* TwitMe */ = {
			isa = PBXNativeTarget;
			buildConfigurationList = 3F53776D1D21C0C300A9F95A /* Build configuration list for PBXNativeTarget "TwitMe" */;
			buildPhases = (
				C95138E7C2656400A0088629 /* [CP] Check Pods Manifest.lock */,
				3F5377411D21C0C300A9F95A /* Sources */,
				3F5377421D21C0C300A9F95A /* Frameworks */,
				3F5377431D21C0C300A9F95A /* Resources */,
				1138FA37C67791453DFA55A2 /* [CP] Embed Pods Frameworks */,
				30FCAC4B3C379D80738835DF /* [CP] Copy Pods Resources */,
			);
			buildRules = (
			);
			dependencies = (
			);
			name = TwitMe;
			productName = TwitMe;
			productReference = 3F5377451D21C0C300A9F95A /* TwitMe.app */;
			productType = "com.apple.product-type.application";
		};
		3F5377581D21C0C300A9F95A /* TwitMeTests */ = {
			isa = PBXNativeTarget;
			buildConfigurationList = 3F5377701D21C0C300A9F95A /* Build configuration list for PBXNativeTarget "TwitMeTests" */;
			buildPhases = (
				2B6BD020AFD3F3A508246C0C /* [CP] Check Pods Manifest.lock */,
				3F5377551D21C0C300A9F95A /* Sources */,
				3F5377561D21C0C300A9F95A /* Frameworks */,
				3F5377571D21C0C300A9F95A /* Resources */,
				78D6240F2182DCAD62EEE6A5 /* [CP] Embed Pods Frameworks */,
				75161B39F672077B796CB0FD /* [CP] Copy Pods Resources */,
			);
			buildRules = (
			);
			dependencies = (
				3F53775B1D21C0C300A9F95A /* PBXTargetDependency */,
			);
			name = TwitMeTests;
			productName = TwitMeTests;
			productReference = 3F5377591D21C0C300A9F95A /* TwitMeTests.xctest */;
			productType = "com.apple.product-type.bundle.unit-test";
		};
		3F5377631D21C0C300A9F95A /* TwitMeUITests */ = {
			isa = PBXNativeTarget;
			buildConfigurationList = 3F5377731D21C0C300A9F95A /* Build configuration list for PBXNativeTarget "TwitMeUITests" */;
			buildPhases = (
				5F913C387C00A67D78CF1588 /* [CP] Check Pods Manifest.lock */,
				3F5377601D21C0C300A9F95A /* Sources */,
				3F5377611D21C0C300A9F95A /* Frameworks */,
				3F5377621D21C0C300A9F95A /* Resources */,
				4A9EA16E6119D63101666F40 /* [CP] Copy Pods Resources */,
			);
			buildRules = (
			);
			dependencies = (
				3F5377661D21C0C300A9F95A /* PBXTargetDependency */,
			);
			name = TwitMeUITests;
			productName = TwitMeUITests;
			productReference = 3F5377641D21C0C300A9F95A /* TwitMeUITests.xctest */;
			productType = "com.apple.product-type.bundle.ui-testing";
		};
/* End PBXNativeTarget section */

/* Begin PBXProject section */
		3F53773D1D21C0C300A9F95A /* Project object */ = {
			isa = PBXProject;
			attributes = {
				LastSwiftUpdateCheck = 0730;
				LastUpgradeCheck = 0730;
				ORGANIZATIONNAME = "Aanya Alwani";
				TargetAttributes = {
					3F5377441D21C0C300A9F95A = {
						CreatedOnToolsVersion = 7.3.1;
					};
					3F5377581D21C0C300A9F95A = {
						CreatedOnToolsVersion = 7.3.1;
						TestTargetID = 3F5377441D21C0C300A9F95A;
					};
					3F5377631D21C0C300A9F95A = {
						CreatedOnToolsVersion = 7.3.1;
						TestTargetID = 3F5377441D21C0C300A9F95A;
					};
				};
			};
			buildConfigurationList = 3F5377401D21C0C300A9F95A /* Build configuration list for PBXProject "TwitMe" */;
			compatibilityVersion = "Xcode 3.2";
			developmentRegion = English;
			hasScannedForEncodings = 0;
			knownRegions = (
				en,
				Base,
			);
			mainGroup = 3F53773C1D21C0C300A9F95A;
			productRefGroup = 3F5377461D21C0C300A9F95A /* Products */;
			projectDirPath = "";
			projectRoot = "";
			targets = (
				3F5377441D21C0C300A9F95A /* TwitMe */,
				3F5377581D21C0C300A9F95A /* TwitMeTests */,
				3F5377631D21C0C300A9F95A /* TwitMeUITests */,
			);
		};
/* End PBXProject section */

/* Begin PBXResourcesBuildPhase section */
		3F5377431D21C0C300A9F95A /* Resources */ = {
			isa = PBXResourcesBuildPhase;
			buildActionMask = 2147483647;
			files = (
				3F5377531D21C0C300A9F95A /* LaunchScreen.storyboard in Resources */,
				3F5377501D21C0C300A9F95A /* Assets.xcassets in Resources */,
				3F53774E1D21C0C300A9F95A /* Main.storyboard in Resources */,
			);
			runOnlyForDeploymentPostprocessing = 0;
		};
		3F5377571D21C0C300A9F95A /* Resources */ = {
			isa = PBXResourcesBuildPhase;
			buildActionMask = 2147483647;
			files = (
			);
			runOnlyForDeploymentPostprocessing = 0;
		};
		3F5377621D21C0C300A9F95A /* Resources */ = {
			isa = PBXResourcesBuildPhase;
			buildActionMask = 2147483647;
			files = (
			);
			runOnlyForDeploymentPostprocessing = 0;
		};
/* End PBXResourcesBuildPhase section */

/* Begin PBXShellScriptBuildPhase section */
		1138FA37C67791453DFA55A2 /* [CP] Embed Pods Frameworks */ = {
			isa = PBXShellScriptBuildPhase;
			buildActionMask = 2147483647;
			files = (
			);
			inputPaths = (
			);
			name = "[CP] Embed Pods Frameworks";
			outputPaths = (
			);
			runOnlyForDeploymentPostprocessing = 0;
			shellPath = /bin/sh;
			shellScript = "\"${SRCROOT}/Pods/Target Support Files/Pods-TwitMe/Pods-TwitMe-frameworks.sh\"\n";
			showEnvVarsInLog = 0;
		};
		2B6BD020AFD3F3A508246C0C /* [CP] Check Pods Manifest.lock */ = {
			isa = PBXShellScriptBuildPhase;
			buildActionMask = 2147483647;
			files = (
			);
			inputPaths = (
			);
			name = "[CP] Check Pods Manifest.lock";
			outputPaths = (
			);
			runOnlyForDeploymentPostprocessing = 0;
			shellPath = /bin/sh;
			shellScript = "diff \"${PODS_ROOT}/../Podfile.lock\" \"${PODS_ROOT}/Manifest.lock\" > /dev/null\nif [[ $? != 0 ]] ; then\n    cat << EOM\nerror: The sandbox is not in sync with the Podfile.lock. Run 'pod install' or update your CocoaPods installation.\nEOM\n    exit 1\nfi\n";
			showEnvVarsInLog = 0;
		};
		30FCAC4B3C379D80738835DF /* [CP] Copy Pods Resources */ = {
			isa = PBXShellScriptBuildPhase;
			buildActionMask = 2147483647;
			files = (
			);
			inputPaths = (
			);
			name = "[CP] Copy Pods Resources";
			outputPaths = (
			);
			runOnlyForDeploymentPostprocessing = 0;
			shellPath = /bin/sh;
			shellScript = "\"${SRCROOT}/Pods/Target Support Files/Pods-TwitMe/Pods-TwitMe-resources.sh\"\n";
			showEnvVarsInLog = 0;
		};
		4A9EA16E6119D63101666F40 /* [CP] Copy Pods Resources */ = {
			isa = PBXShellScriptBuildPhase;
			buildActionMask = 2147483647;
			files = (
			);
			inputPaths = (
			);
			name = "[CP] Copy Pods Resources";
			outputPaths = (
			);
			runOnlyForDeploymentPostprocessing = 0;
			shellPath = /bin/sh;
			shellScript = "\"${SRCROOT}/Pods/Target Support Files/Pods-TwitMeUITests/Pods-TwitMeUITests-resources.sh\"\n";
			showEnvVarsInLog = 0;
		};
		5F913C387C00A67D78CF1588 /* [CP] Check Pods Manifest.lock */ = {
			isa = PBXShellScriptBuildPhase;
			buildActionMask = 2147483647;
			files = (
			);
			inputPaths = (
			);
			name = "[CP] Check Pods Manifest.lock";
			outputPaths = (
			);
			runOnlyForDeploymentPostprocessing = 0;
			shellPath = /bin/sh;
			shellScript = "diff \"${PODS_ROOT}/../Podfile.lock\" \"${PODS_ROOT}/Manifest.lock\" > /dev/null\nif [[ $? != 0 ]] ; then\n    cat << EOM\nerror: The sandbox is not in sync with the Podfile.lock. Run 'pod install' or update your CocoaPods installation.\nEOM\n    exit 1\nfi\n";
			showEnvVarsInLog = 0;
		};
		75161B39F672077B796CB0FD /* [CP] Copy Pods Resources */ = {
			isa = PBXShellScriptBuildPhase;
			buildActionMask = 2147483647;
			files = (
			);
			inputPaths = (
			);
			name = "[CP] Copy Pods Resources";
			outputPaths = (
			);
			runOnlyForDeploymentPostprocessing = 0;
			shellPath = /bin/sh;
			shellScript = "\"${SRCROOT}/Pods/Target Support Files/Pods-TwitMeTests/Pods-TwitMeTests-resources.sh\"\n";
			showEnvVarsInLog = 0;
		};
		78D6240F2182DCAD62EEE6A5 /* [CP] Embed Pods Frameworks */ = {
			isa = PBXShellScriptBuildPhase;
			buildActionMask = 2147483647;
			files = (
			);
			inputPaths = (
			);
			name = "[CP] Embed Pods Frameworks";
			outputPaths = (
			);
			runOnlyForDeploymentPostprocessing = 0;
			shellPath = /bin/sh;
			shellScript = "\"${SRCROOT}/Pods/Target Support Files/Pods-TwitMeTests/Pods-TwitMeTests-frameworks.sh\"\n";
			showEnvVarsInLog = 0;
		};
		C95138E7C2656400A0088629 /* [CP] Check Pods Manifest.lock */ = {
			isa = PBXShellScriptBuildPhase;
			buildActionMask = 2147483647;
			files = (
			);
			inputPaths = (
			);
			name = "[CP] Check Pods Manifest.lock";
			outputPaths = (
			);
			runOnlyForDeploymentPostprocessing = 0;
			shellPath = /bin/sh;
			shellScript = "diff \"${PODS_ROOT}/../Podfile.lock\" \"${PODS_ROOT}/Manifest.lock\" > /dev/null\nif [[ $? != 0 ]] ; then\n    cat << EOM\nerror: The sandbox is not in sync with the Podfile.lock. Run 'pod install' or update your CocoaPods installation.\nEOM\n    exit 1\nfi\n";
			showEnvVarsInLog = 0;
		};
/* End PBXShellScriptBuildPhase section */

/* Begin PBXSourcesBuildPhase section */
		3F5377411D21C0C300A9F95A /* Sources */ = {
			isa = PBXSourcesBuildPhase;
			buildActionMask = 2147483647;
			files = (
				3F0ED7491D2343D600E29905 /* DetailedViewController.swift in Sources */,
				3F0ED7421D22467100E29905 /* InfiniteScrollActivityView.swift in Sources */,
				3F0578C51D24855700A7E78F /* ReplyCell.swift in Sources */,
				3FD69C941D21D37D00E198C6 /* User.swift in Sources */,
				3FD69C961D21D38700E198C6 /* Tweet.swift in Sources */,
				3F0ED7451D22586500E29905 /* ProfileCell.swift in Sources */,
				3F44A5001D222522007B9A22 /* MentionsViewController.swift in Sources */,
				3FD69C8F1D21C24300E198C6 /* LoginViewController.swift in Sources */,
				3F0ED7471D233B4900E29905 /* NSDate Extenstions.swift in Sources */,
				3F44A4FC1D221CA4007B9A22 /* NewsCell.swift in Sources */,
				3FAD28041D25A15A00AFA6BF /* MentionsCell.swift in Sources */,
				3FD69C9A1D21E4C400E198C6 /* TweetsViewController.swift in Sources */,
				3FD69C981D21DC0700E198C6 /* TwitterClient.swift in Sources */,
				3F0578C31D23B2EE00A7E78F /* composeViewController.swift in Sources */,
				3F44A4FE1D221F31007B9A22 /* ProfileViewController.swift in Sources */,
				3F5377491D21C0C300A9F95A /* AppDelegate.swift in Sources */,
			);
			runOnlyForDeploymentPostprocessing = 0;
		};
		3F5377551D21C0C300A9F95A /* Sources */ = {
			isa = PBXSourcesBuildPhase;
			buildActionMask = 2147483647;
			files = (
				3F53775E1D21C0C300A9F95A /* TwitMeTests.swift in Sources */,
			);
			runOnlyForDeploymentPostprocessing = 0;
		};
		3F5377601D21C0C300A9F95A /* Sources */ = {
			isa = PBXSourcesBuildPhase;
			buildActionMask = 2147483647;
			files = (
				3F5377691D21C0C300A9F95A /* TwitMeUITests.swift in Sources */,
			);
			runOnlyForDeploymentPostprocessing = 0;
		};
/* End PBXSourcesBuildPhase section */

/* Begin PBXTargetDependency section */
		3F53775B1D21C0C300A9F95A /* PBXTargetDependency */ = {
			isa = PBXTargetDependency;
			target = 3F5377441D21C0C300A9F95A /* TwitMe */;
			targetProxy = 3F53775A1D21C0C300A9F95A /* PBXContainerItemProxy */;
		};
		3F5377661D21C0C300A9F95A /* PBXTargetDependency */ = {
			isa = PBXTargetDependency;
			target = 3F5377441D21C0C300A9F95A /* TwitMe */;
			targetProxy = 3F5377651D21C0C300A9F95A /* PBXContainerItemProxy */;
		};
/* End PBXTargetDependency section */

/* Begin PBXVariantGroup section */
		3F53774C1D21C0C300A9F95A /* Main.storyboard */ = {
			isa = PBXVariantGroup;
			children = (
				3F53774D1D21C0C300A9F95A /* Base */,
			);
			name = Main.storyboard;
			sourceTree = "<group>";
		};
		3F5377511D21C0C300A9F95A /* LaunchScreen.storyboard */ = {
			isa = PBXVariantGroup;
			children = (
				3F5377521D21C0C300A9F95A /* Base */,
			);
			name = LaunchScreen.storyboard;
			sourceTree = "<group>";
		};
/* End PBXVariantGroup section */

/* Begin XCBuildConfiguration section */
		3F53776B1D21C0C300A9F95A /* Debug */ = {
			isa = XCBuildConfiguration;
			buildSettings = {
				ALWAYS_SEARCH_USER_PATHS = NO;
				CLANG_ANALYZER_NONNULL = YES;
				CLANG_CXX_LANGUAGE_STANDARD = "gnu++0x";
				CLANG_CXX_LIBRARY = "libc++";
				CLANG_ENABLE_MODULES = YES;
				CLANG_ENABLE_OBJC_ARC = YES;
				CLANG_WARN_BOOL_CONVERSION = YES;
				CLANG_WARN_CONSTANT_CONVERSION = YES;
				CLANG_WARN_DIRECT_OBJC_ISA_USAGE = YES_ERROR;
				CLANG_WARN_EMPTY_BODY = YES;
				CLANG_WARN_ENUM_CONVERSION = YES;
				CLANG_WARN_INT_CONVERSION = YES;
				CLANG_WARN_OBJC_ROOT_CLASS = YES_ERROR;
				CLANG_WARN_UNREACHABLE_CODE = YES;
				CLANG_WARN__DUPLICATE_METHOD_MATCH = YES;
				"CODE_SIGN_IDENTITY[sdk=iphoneos*]" = "iPhone Developer";
				COPY_PHASE_STRIP = NO;
				DEBUG_INFORMATION_FORMAT = dwarf;
				ENABLE_STRICT_OBJC_MSGSEND = YES;
				ENABLE_TESTABILITY = YES;
				GCC_C_LANGUAGE_STANDARD = gnu99;
				GCC_DYNAMIC_NO_PIC = NO;
				GCC_NO_COMMON_BLOCKS = YES;
				GCC_OPTIMIZATION_LEVEL = 0;
				GCC_PREPROCESSOR_DEFINITIONS = (
					"DEBUG=1",
					"$(inherited)",
				);
				GCC_WARN_64_TO_32_BIT_CONVERSION = YES;
				GCC_WARN_ABOUT_RETURN_TYPE = YES_ERROR;
				GCC_WARN_UNDECLARED_SELECTOR = YES;
				GCC_WARN_UNINITIALIZED_AUTOS = YES_AGGRESSIVE;
				GCC_WARN_UNUSED_FUNCTION = YES;
				GCC_WARN_UNUSED_VARIABLE = YES;
				IPHONEOS_DEPLOYMENT_TARGET = 9.3;
				MTL_ENABLE_DEBUG_INFO = YES;
				ONLY_ACTIVE_ARCH = YES;
				SDKROOT = iphoneos;
				SWIFT_OPTIMIZATION_LEVEL = "-Onone";
			};
			name = Debug;
		};
		3F53776C1D21C0C300A9F95A /* Release */ = {
			isa = XCBuildConfiguration;
			buildSettings = {
				ALWAYS_SEARCH_USER_PATHS = NO;
				CLANG_ANALYZER_NONNULL = YES;
				CLANG_CXX_LANGUAGE_STANDARD = "gnu++0x";
				CLANG_CXX_LIBRARY = "libc++";
				CLANG_ENABLE_MODULES = YES;
				CLANG_ENABLE_OBJC_ARC = YES;
				CLANG_WARN_BOOL_CONVERSION = YES;
				CLANG_WARN_CONSTANT_CONVERSION = YES;
				CLANG_WARN_DIRECT_OBJC_ISA_USAGE = YES_ERROR;
				CLANG_WARN_EMPTY_BODY = YES;
				CLANG_WARN_ENUM_CONVERSION = YES;
				CLANG_WARN_INT_CONVERSION = YES;
				CLANG_WARN_OBJC_ROOT_CLASS = YES_ERROR;
				CLANG_WARN_UNREACHABLE_CODE = YES;
				CLANG_WARN__DUPLICATE_METHOD_MATCH = YES;
				"CODE_SIGN_IDENTITY[sdk=iphoneos*]" = "iPhone Developer";
				COPY_PHASE_STRIP = NO;
				DEBUG_INFORMATION_FORMAT = "dwarf-with-dsym";
				ENABLE_NS_ASSERTIONS = NO;
				ENABLE_STRICT_OBJC_MSGSEND = YES;
				GCC_C_LANGUAGE_STANDARD = gnu99;
				GCC_NO_COMMON_BLOCKS = YES;
				GCC_WARN_64_TO_32_BIT_CONVERSION = YES;
				GCC_WARN_ABOUT_RETURN_TYPE = YES_ERROR;
				GCC_WARN_UNDECLARED_SELECTOR = YES;
				GCC_WARN_UNINITIALIZED_AUTOS = YES_AGGRESSIVE;
				GCC_WARN_UNUSED_FUNCTION = YES;
				GCC_WARN_UNUSED_VARIABLE = YES;
				IPHONEOS_DEPLOYMENT_TARGET = 9.3;
				MTL_ENABLE_DEBUG_INFO = NO;
				SDKROOT = iphoneos;
				VALIDATE_PRODUCT = YES;
			};
			name = Release;
		};
		3F53776E1D21C0C300A9F95A /* Debug */ = {
			isa = XCBuildConfiguration;
			baseConfigurationReference = 6F0346A1B2253C391B3C2000 /* Pods-TwitMe.debug.xcconfig */;
			buildSettings = {
				ASSETCATALOG_COMPILER_APPICON_NAME = AppIcon;
				INFOPLIST_FILE = TwitMe/Info.plist;
				LD_RUNPATH_SEARCH_PATHS = "$(inherited) @executable_path/Frameworks";
				PRODUCT_BUNDLE_IDENTIFIER = com.codepath.TwitMe;
				PRODUCT_NAME = "$(TARGET_NAME)";
			};
			name = Debug;
		};
		3F53776F1D21C0C300A9F95A /* Release */ = {
			isa = XCBuildConfiguration;
			baseConfigurationReference = C5C3584309CD3B735F33D637 /* Pods-TwitMe.release.xcconfig */;
			buildSettings = {
				ASSETCATALOG_COMPILER_APPICON_NAME = AppIcon;
				INFOPLIST_FILE = TwitMe/Info.plist;
				LD_RUNPATH_SEARCH_PATHS = "$(inherited) @executable_path/Frameworks";
				PRODUCT_BUNDLE_IDENTIFIER = com.codepath.TwitMe;
				PRODUCT_NAME = "$(TARGET_NAME)";
			};
			name = Release;
		};
		3F5377711D21C0C300A9F95A /* Debug */ = {
			isa = XCBuildConfiguration;
			baseConfigurationReference = 7025FFD75B3CB7A26EAB8F89 /* Pods-TwitMeTests.debug.xcconfig */;
			buildSettings = {
				BUNDLE_LOADER = "$(TEST_HOST)";
				INFOPLIST_FILE = TwitMeTests/Info.plist;
				LD_RUNPATH_SEARCH_PATHS = "$(inherited) @executable_path/Frameworks @loader_path/Frameworks";
				PRODUCT_BUNDLE_IDENTIFIER = com.codepath.TwitMeTests;
				PRODUCT_NAME = "$(TARGET_NAME)";
				TEST_HOST = "$(BUILT_PRODUCTS_DIR)/TwitMe.app/TwitMe";
			};
			name = Debug;
		};
		3F5377721D21C0C300A9F95A /* Release */ = {
			isa = XCBuildConfiguration;
			baseConfigurationReference = F309C8446D056BB33C15EFA6 /* Pods-TwitMeTests.release.xcconfig */;
			buildSettings = {
				BUNDLE_LOADER = "$(TEST_HOST)";
				INFOPLIST_FILE = TwitMeTests/Info.plist;
				LD_RUNPATH_SEARCH_PATHS = "$(inherited) @executable_path/Frameworks @loader_path/Frameworks";
				PRODUCT_BUNDLE_IDENTIFIER = com.codepath.TwitMeTests;
				PRODUCT_NAME = "$(TARGET_NAME)";
				TEST_HOST = "$(BUILT_PRODUCTS_DIR)/TwitMe.app/TwitMe";
			};
			name = Release;
		};
		3F5377741D21C0C300A9F95A /* Debug */ = {
			isa = XCBuildConfiguration;
			baseConfigurationReference = D359414B4DA405A85BAD4ADA /* Pods-TwitMeUITests.debug.xcconfig */;
			buildSettings = {
				INFOPLIST_FILE = TwitMeUITests/Info.plist;
				LD_RUNPATH_SEARCH_PATHS = "$(inherited) @executable_path/Frameworks @loader_path/Frameworks";
				PRODUCT_BUNDLE_IDENTIFIER = com.codepath.TwitMeUITests;
				PRODUCT_NAME = "$(TARGET_NAME)";
				TEST_TARGET_NAME = TwitMe;
			};
			name = Debug;
		};
		3F5377751D21C0C300A9F95A /* Release */ = {
			isa = XCBuildConfiguration;
			baseConfigurationReference = E253E5B0D5AF2B7DE3D03047 /* Pods-TwitMeUITests.release.xcconfig */;
			buildSettings = {
				INFOPLIST_FILE = TwitMeUITests/Info.plist;
				LD_RUNPATH_SEARCH_PATHS = "$(inherited) @executable_path/Frameworks @loader_path/Frameworks";
				PRODUCT_BUNDLE_IDENTIFIER = com.codepath.TwitMeUITests;
				PRODUCT_NAME = "$(TARGET_NAME)";
				TEST_TARGET_NAME = TwitMe;
			};
			name = Release;
		};
/* End XCBuildConfiguration section */

/* Begin XCConfigurationList section */
		3F5377401D21C0C300A9F95A /* Build configuration list for PBXProject "TwitMe" */ = {
			isa = XCConfigurationList;
			buildConfigurations = (
				3F53776B1D21C0C300A9F95A /* Debug */,
				3F53776C1D21C0C300A9F95A /* Release */,
			);
			defaultConfigurationIsVisible = 0;
			defaultConfigurationName = Release;
		};
		3F53776D1D21C0C300A9F95A /* Build configuration list for PBXNativeTarget "TwitMe" */ = {
			isa = XCConfigurationList;
			buildConfigurations = (
				3F53776E1D21C0C300A9F95A /* Debug */,
				3F53776F1D21C0C300A9F95A /* Release */,
			);
			defaultConfigurationIsVisible = 0;
			defaultConfigurationName = Release;
		};
		3F5377701D21C0C300A9F95A /* Build configuration list for PBXNativeTarget "TwitMeTests" */ = {
			isa = XCConfigurationList;
			buildConfigurations = (
				3F5377711D21C0C300A9F95A /* Debug */,
				3F5377721D21C0C300A9F95A /* Release */,
			);
			defaultConfigurationIsVisible = 0;
			defaultConfigurationName = Release;
		};
		3F5377731D21C0C300A9F95A /* Build configuration list for PBXNativeTarget "TwitMeUITests" */ = {
			isa = XCConfigurationList;
			buildConfigurations = (
				3F5377741D21C0C300A9F95A /* Debug */,
				3F5377751D21C0C300A9F95A /* Release */,
			);
			defaultConfigurationIsVisible = 0;
			defaultConfigurationName = Release;
		};
/* End XCConfigurationList section */
	};
	rootObject = 3F53773D1D21C0C300A9F95A /* Project object */;
}
